
Microsoft Visual Studio Solution File, Format Version 12.00
# Visual Studio 15
VisualStudioVersion = 15.0.28307.1062
MinimumVisualStudioVersion = 10.0.40219.1
Project("{FAE04EC0-301F-11D3-BF4B-00C04F79EFBC}") = "RestaurantBusiness", "RestaurantBusiness\RestaurantBusiness.csproj", "{1F740490-BE27-44E8-A223-1D9BB658C4EF}"
EndProject
Global
	GlobalSection(SolutionConfigurationPlatforms) = preSolution
		Debug|Any CPU = Debug|Any CPU
		Release|Any CPU = Release|Any CPU
	EndGlobalSection
	GlobalSection(ProjectConfigurationPlatforms) = postSolution
		{1F740490-BE27-44E8-A223-1D9BB658C4EF}.Debug|Any CPU.ActiveCfg = Debug|Any CPU
		{1F740490-BE27-44E8-A223-1D9BB658C4EF}.Debug|Any CPU.Build.0 = Debug|Any CPU
		{1F740490-BE27-44E8-A223-1D9BB658C4EF}.Release|Any CPU.ActiveCfg = Release|Any CPU
		{1F740490-BE27-44E8-A223-1D9BB658C4EF}.Release|Any CPU.Build.0 = Release|Any CPU
	EndGlobalSection
	GlobalSection(SolutionProperties) = preSolution
		HideSolutionNode = FALSE
	EndGlobalSection
	GlobalSection(ExtensibilityGlobals) = postSolution
		SolutionGuid = {FF221D5B-EB63-4C87-8E6E-96A4038DBD17}
	EndGlobalSection
EndGlobal
